// !$*UTF8*$!
{
	archiveVersion = 1;
	classes = {
	};
	objectVersion = 60;
	objects = {

/* Begin PBXBuildFile section */
		3A0111CD2737253C001CFDC5 /* AirportScreen.swift in Sources */ = {isa = PBXBuildFile; fileRef = 3A0111CC2737253C001CFDC5 /* AirportScreen.swift */; };
		3A1BB44F278A1849001AC228 /* AirportAnnotation.swift in Sources */ = {isa = PBXBuildFile; fileRef = 3A1BB44E278A1849001AC228 /* AirportAnnotation.swift */; };
		3A1BB451278A3FB9001AC228 /* AirportAnnotationCalloutView.swift in Sources */ = {isa = PBXBuildFile; fileRef = 3A1BB450278A3FB9001AC228 /* AirportAnnotationCalloutView.swift */; };
		3A1BB456278A5A0E001AC228 /* MapCalloutView.swift in Sources */ = {isa = PBXBuildFile; fileRef = 3A1BB455278A5A0E001AC228 /* MapCalloutView.swift */; };
		3A24A78D27321C15000D98E5 /* TabBar.swift in Sources */ = {isa = PBXBuildFile; fileRef = 3A24A78C27321C15000D98E5 /* TabBar.swift */; };
		3A24A79227324259000D98E5 /* ScratchPadView.swift in Sources */ = {isa = PBXBuildFile; fileRef = 3A24A79127324259000D98E5 /* ScratchPadView.swift */; };
		3A81763F27339AA100445CDA /* TopBarView.swift in Sources */ = {isa = PBXBuildFile; fileRef = 3A81763E27339AA100445CDA /* TopBarView.swift */; };
		3AA03FC92853C4C80086DBDA /* AirportJSONModel.swift in Sources */ = {isa = PBXBuildFile; fileRef = 3AA03FC82853C4C80086DBDA /* AirportJSONModel.swift */; };
		3AE11B2927319450005974E5 /* efbUIApp.swift in Sources */ = {isa = PBXBuildFile; fileRef = 3AE11B2827319450005974E5 /* efbUIApp.swift */; };
		3AE11B2B27319450005974E5 /* MapScreen.swift in Sources */ = {isa = PBXBuildFile; fileRef = 3AE11B2A27319450005974E5 /* MapScreen.swift */; };
		3AE11B2D27319452005974E5 /* Assets.xcassets in Resources */ = {isa = PBXBuildFile; fileRef = 3AE11B2C27319452005974E5 /* Assets.xcassets */; };
		3AE11B3027319452005974E5 /* Preview Assets.xcassets in Resources */ = {isa = PBXBuildFile; fileRef = 3AE11B2F27319452005974E5 /* Preview Assets.xcassets */; };
		3AE11B5327319480005974E5 /* SimConnect.swift in Sources */ = {isa = PBXBuildFile; fileRef = 3AE11B5227319480005974E5 /* SimConnect.swift */; };
		A2046B0B2B28E58300E04BEA /* MKViewRepresentable.swift in Sources */ = {isa = PBXBuildFile; fileRef = A2046B0A2B28E58300E04BEA /* MKViewRepresentable.swift */; };
		A206201A2B49B4E90034D902 /* Neumorphic in Frameworks */ = {isa = PBXBuildFile; productRef = A20620192B49B4E90034D902 /* Neumorphic */; };
		A206201C2B49B4F80034D902 /* MapboxMaps in Frameworks */ = {isa = PBXBuildFile; productRef = A206201B2B49B4F80034D902 /* MapboxMaps */; };
		A206201E2B49B5E70034D902 /* Neumorphic in Frameworks */ = {isa = PBXBuildFile; productRef = A206201D2B49B5E70034D902 /* Neumorphic */; };
		A20620202B49B6100034D902 /* MapboxMaps in Frameworks */ = {isa = PBXBuildFile; productRef = A206201F2B49B6100034D902 /* MapboxMaps */; };
		A20620222B49B61D0034D902 /* SQLite in Frameworks */ = {isa = PBXBuildFile; productRef = A20620212B49B61D0034D902 /* SQLite */; };
		A20620242B49B6AB0034D902 /* MapboxMaps in Frameworks */ = {isa = PBXBuildFile; productRef = A20620232B49B6AB0034D902 /* MapboxMaps */; };
		A20620262B49DC890034D902 /* AirportScreenViewModel.swift in Sources */ = {isa = PBXBuildFile; fileRef = A20620252B49DC890034D902 /* AirportScreenViewModel.swift */; };
		A21B02372B5034850041D60B /* PDFKitView.swift in Sources */ = {isa = PBXBuildFile; fileRef = A21B02362B5034850041D60B /* PDFKitView.swift */; };
		A21B02392B55C8760041D60B /* SimBriefUserData.swift in Sources */ = {isa = PBXBuildFile; fileRef = A21B02382B55C8760041D60B /* SimBriefUserData.swift */; };
		A21B023C2B55D4A00041D60B /* SimBriefAPI.swift in Sources */ = {isa = PBXBuildFile; fileRef = A21B023B2B55D4A00041D60B /* SimBriefAPI.swift */; };
		A22322D52B20B74E001274CA /* Extensions.swift in Sources */ = {isa = PBXBuildFile; fileRef = A22322D42B20B74E001274CA /* Extensions.swift */; };
		A232CCBC2B250659005C3E2E /* MapboxMaps in Frameworks */ = {isa = PBXBuildFile; productRef = A232CCBB2B250659005C3E2E /* MapboxMaps */; };
		A237AF802B5C7F3B00646AAF /* OFPSchema.swift in Sources */ = {isa = PBXBuildFile; fileRef = A237AF7F2B5C7F3B00646AAF /* OFPSchema.swift */; };
		A237AF822B63490300646AAF /* ChartsView.swift in Sources */ = {isa = PBXBuildFile; fileRef = A237AF812B63490300646AAF /* ChartsView.swift */; };
		A23B5BB32BC3096800DA5A08 /* FaaAtisAPI.swift in Sources */ = {isa = PBXBuildFile; fileRef = A23B5BB22BC3096800DA5A08 /* FaaAtisAPI.swift */; };
		A23B5BB52BC309BB00DA5A08 /* AtisAPISchema.swift in Sources */ = {isa = PBXBuildFile; fileRef = A23B5BB42BC309BB00DA5A08 /* AtisAPISchema.swift */; };
		A23B5BB92BCDDA0100DA5A08 /* PilotedgeAPI.swift in Sources */ = {isa = PBXBuildFile; fileRef = A23B5BB82BCDDA0100DA5A08 /* PilotedgeAPI.swift */; };
		A24692F32B8E3A6B00A10A7F /* DrawingView.swift in Sources */ = {isa = PBXBuildFile; fileRef = A24692F22B8E3A6B00A10A7F /* DrawingView.swift */; };
		A257E1B42B2A75C6003B1859 /* SQLiteManager.swift in Sources */ = {isa = PBXBuildFile; fileRef = A257E1B32B2A75C6003B1859 /* SQLiteManager.swift */; };
		A257E1B62B2AB514003B1859 /* DBTableStructs.swift in Sources */ = {isa = PBXBuildFile; fileRef = A257E1B52B2AB514003B1859 /* DBTableStructs.swift */; };
		A25CB2802B2494E0008E9FEF /* SQLite in Frameworks */ = {isa = PBXBuildFile; productRef = A25CB27F2B2494E0008E9FEF /* SQLite */; };
		A25CB2862B250298008E9FEF /* SQLite in Frameworks */ = {isa = PBXBuildFile; productRef = A25CB2852B250298008E9FEF /* SQLite */; };
		A25CC0612B97A25D00716E1A /* RouteManager.swift in Sources */ = {isa = PBXBuildFile; fileRef = A25CC0602B97A25D00716E1A /* RouteManager.swift */; };
		A26E17AC2B9C11D9002B4090 /* AirportRunwayView.swift in Sources */ = {isa = PBXBuildFile; fileRef = A26E17AB2B9C11D9002B4090 /* AirportRunwayView.swift */; };
		A26E17AF2B9EA39E002B4090 /* SigmetSchema.swift in Sources */ = {isa = PBXBuildFile; fileRef = A26E17AE2B9EA39E002B4090 /* SigmetSchema.swift */; };
		A26E17B12B9EA3A5002B4090 /* SigmetAPI.swift in Sources */ = {isa = PBXBuildFile; fileRef = A26E17B02B9EA3A5002B4090 /* SigmetAPI.swift */; };
		A26E17B72BA1F1B8002B4090 /* RangedSliderView.swift in Sources */ = {isa = PBXBuildFile; fileRef = A26E17B62BA1F1B8002B4090 /* RangedSliderView.swift */; };
		A26F9BBC2B996E6E00687F77 /* SimbriefScreen.swift in Sources */ = {isa = PBXBuildFile; fileRef = A26F9BBB2B996E6E00687F77 /* SimbriefScreen.swift */; };
		A2710D052BCEB1BB0034889B /* IvaoAPI.swift in Sources */ = {isa = PBXBuildFile; fileRef = A2710D042BCEB1BB0034889B /* IvaoAPI.swift */; };
		A293CFFC2AF313E3004D2814 /* AirplaneAnnotation.swift in Sources */ = {isa = PBXBuildFile; fileRef = A293CFFB2AF313E3004D2814 /* AirplaneAnnotation.swift */; };
		A29479BD2BDC3A2A00B89CE9 /* Airports.json in Resources */ = {isa = PBXBuildFile; fileRef = A29479BC2BDC3A2A00B89CE9 /* Airports.json */; };
		A2A243682B00368B00245A0F /* SettingsView.swift in Sources */ = {isa = PBXBuildFile; fileRef = A2A243672B00368B00245A0F /* SettingsView.swift */; };
		A2AAEBAF2B1CF82C00BEA78E /* Neumorphic in Frameworks */ = {isa = PBXBuildFile; productRef = A2AAEBAE2B1CF82C00BEA78E /* Neumorphic */; };
		A2B1F1792B26152700E39C09 /* MapboxMaps in Frameworks */ = {isa = PBXBuildFile; productRef = A2B1F1782B26152700E39C09 /* MapboxMaps */; };
		A2B1F17B2B26154000E39C09 /* SQLite in Frameworks */ = {isa = PBXBuildFile; productRef = A2B1F17A2B26154000E39C09 /* SQLite */; };
		A2B98D6C2B9BB5A700A91977 /* Toast.swift in Sources */ = {isa = PBXBuildFile; fileRef = A2B98D6B2B9BB5A700A91977 /* Toast.swift */; };
		A2B98D6E2B9BBFF600A91977 /* ToastTestContentView.swift in Sources */ = {isa = PBXBuildFile; fileRef = A2B98D6D2B9BBFF600A91977 /* ToastTestContentView.swift */; };
		A2C6ED152B2E3DA400856381 /* OSMWeatherAPI.swift in Sources */ = {isa = PBXBuildFile; fileRef = A2C6ED142B2E3DA400856381 /* OSMWeatherAPI.swift */; };
		A2C6ED172B2E3DCE00856381 /* OSMWeatherSchema.swift in Sources */ = {isa = PBXBuildFile; fileRef = A2C6ED162B2E3DCE00856381 /* OSMWeatherSchema.swift */; };
		A2C6ED1A2B3005A700856381 /* FetchAirportWx.swift in Sources */ = {isa = PBXBuildFile; fileRef = A2C6ED192B3005A700856381 /* FetchAirportWx.swift */; };
		A2C6ED1D2B3005C900856381 /* FetchAirportCharts.swift in Sources */ = {isa = PBXBuildFile; fileRef = A2C6ED1C2B3005C900856381 /* FetchAirportCharts.swift */; };
		A2C6ED1F2B30068300856381 /* AirportMetarAPISchema.swift in Sources */ = {isa = PBXBuildFile; fileRef = A2C6ED1E2B30068300856381 /* AirportMetarAPISchema.swift */; };
		A2C6ED232B300A8B00856381 /* AirportChartAPISchema.swift in Sources */ = {isa = PBXBuildFile; fileRef = A2C6ED222B300A8B00856381 /* AirportChartAPISchema.swift */; };
		A2C6ED282B3763D800856381 /* AirportAnnotationSidebarView.swift in Sources */ = {isa = PBXBuildFile; fileRef = A2C6ED272B3763D800856381 /* AirportAnnotationSidebarView.swift */; };
		A2D0AB432C5BF390001B5F79 /* navdata.db in Resources */ = {isa = PBXBuildFile; fileRef = A2D0AB422C5BF390001B5F79 /* navdata.db */; };
		A2D13D242BA6361200E5AFEE /* AirportSchema.swift in Sources */ = {isa = PBXBuildFile; fileRef = A2D13D232BA6361200E5AFEE /* AirportSchema.swift */; };
		A2D5FE1B2BA7C7950084AE7E /* WrappingHStack.swift in Sources */ = {isa = PBXBuildFile; fileRef = A2D5FE1A2BA7C7950084AE7E /* WrappingHStack.swift */; };
		A2DE93D82B9237390065FEF6 /* ScratchPadATIS.swift in Sources */ = {isa = PBXBuildFile; fileRef = A2DE93D72B9237390065FEF6 /* ScratchPadATIS.swift */; };
		A2DE93DA2B925E340065FEF6 /* ScratchPadCRAFT.swift in Sources */ = {isa = PBXBuildFile; fileRef = A2DE93D92B925E340065FEF6 /* ScratchPadCRAFT.swift */; };
		A2DE93DC2B9273430065FEF6 /* AirportIcon.swift in Sources */ = {isa = PBXBuildFile; fileRef = A2DE93DB2B9273430065FEF6 /* AirportIcon.swift */; };
		A2EF3F962B6FE1C00096933A /* RainviewerAPI.swift in Sources */ = {isa = PBXBuildFile; fileRef = A2EF3F952B6FE1C00096933A /* RainviewerAPI.swift */; };
		A2EF3F982B6FE1CD0096933A /* RainviewerSchema.swift in Sources */ = {isa = PBXBuildFile; fileRef = A2EF3F972B6FE1CD0096933A /* RainviewerSchema.swift */; };
/* End PBXBuildFile section */

/* Begin PBXFileReference section */
		3A0111CC2737253C001CFDC5 /* AirportScreen.swift */ = {isa = PBXFileReference; lastKnownFileType = sourcecode.swift; path = AirportScreen.swift; sourceTree = "<group>"; };
		3A1BB44E278A1849001AC228 /* AirportAnnotation.swift */ = {isa = PBXFileReference; lastKnownFileType = sourcecode.swift; path = AirportAnnotation.swift; sourceTree = "<group>"; };
		3A1BB450278A3FB9001AC228 /* AirportAnnotationCalloutView.swift */ = {isa = PBXFileReference; lastKnownFileType = sourcecode.swift; path = AirportAnnotationCalloutView.swift; sourceTree = "<group>"; };
		3A1BB455278A5A0E001AC228 /* MapCalloutView.swift */ = {isa = PBXFileReference; lastKnownFileType = sourcecode.swift; path = MapCalloutView.swift; sourceTree = "<group>"; };
		3A24A78C27321C15000D98E5 /* TabBar.swift */ = {isa = PBXFileReference; lastKnownFileType = sourcecode.swift; path = TabBar.swift; sourceTree = "<group>"; };
		3A24A79127324259000D98E5 /* ScratchPadView.swift */ = {isa = PBXFileReference; lastKnownFileType = sourcecode.swift; path = ScratchPadView.swift; sourceTree = "<group>"; };
		3A81763E27339AA100445CDA /* TopBarView.swift */ = {isa = PBXFileReference; lastKnownFileType = sourcecode.swift; path = TopBarView.swift; sourceTree = "<group>"; };
		3AA03FC82853C4C80086DBDA /* AirportJSONModel.swift */ = {isa = PBXFileReference; lastKnownFileType = sourcecode.swift; path = AirportJSONModel.swift; sourceTree = "<group>"; };
		3AC3392E273B6E7700ED025B /* Info.plist */ = {isa = PBXFileReference; lastKnownFileType = text.plist.xml; name = Info.plist; path = efbUI/Info.plist; sourceTree = SOURCE_ROOT; };
		3AE11B2527319450005974E5 /* EFB.app */ = {isa = PBXFileReference; explicitFileType = wrapper.application; includeInIndex = 0; path = EFB.app; sourceTree = BUILT_PRODUCTS_DIR; };
		3AE11B2827319450005974E5 /* efbUIApp.swift */ = {isa = PBXFileReference; lastKnownFileType = sourcecode.swift; path = efbUIApp.swift; sourceTree = "<group>"; };
		3AE11B2A27319450005974E5 /* MapScreen.swift */ = {isa = PBXFileReference; lastKnownFileType = sourcecode.swift; path = MapScreen.swift; sourceTree = "<group>"; };
		3AE11B2C27319452005974E5 /* Assets.xcassets */ = {isa = PBXFileReference; lastKnownFileType = folder.assetcatalog; path = Assets.xcassets; sourceTree = "<group>"; };
		3AE11B2F27319452005974E5 /* Preview Assets.xcassets */ = {isa = PBXFileReference; lastKnownFileType = folder.assetcatalog; path = "Preview Assets.xcassets"; sourceTree = "<group>"; };
		3AE11B5227319480005974E5 /* SimConnect.swift */ = {isa = PBXFileReference; fileEncoding = 4; lastKnownFileType = sourcecode.swift; path = SimConnect.swift; sourceTree = "<group>"; };
		A2046B0A2B28E58300E04BEA /* MKViewRepresentable.swift */ = {isa = PBXFileReference; lastKnownFileType = sourcecode.swift; path = MKViewRepresentable.swift; sourceTree = "<group>"; };
		A20620252B49DC890034D902 /* AirportScreenViewModel.swift */ = {isa = PBXFileReference; lastKnownFileType = sourcecode.swift; path = AirportScreenViewModel.swift; sourceTree = "<group>"; };
		A21B02362B5034850041D60B /* PDFKitView.swift */ = {isa = PBXFileReference; lastKnownFileType = sourcecode.swift; path = PDFKitView.swift; sourceTree = "<group>"; };
		A21B02382B55C8760041D60B /* SimBriefUserData.swift */ = {isa = PBXFileReference; lastKnownFileType = sourcecode.swift; path = SimBriefUserData.swift; sourceTree = "<group>"; };
		A21B023B2B55D4A00041D60B /* SimBriefAPI.swift */ = {isa = PBXFileReference; lastKnownFileType = sourcecode.swift; path = SimBriefAPI.swift; sourceTree = "<group>"; };
		A22322D42B20B74E001274CA /* Extensions.swift */ = {isa = PBXFileReference; lastKnownFileType = sourcecode.swift; path = Extensions.swift; sourceTree = "<group>"; };
		A237AF7F2B5C7F3B00646AAF /* OFPSchema.swift */ = {isa = PBXFileReference; lastKnownFileType = sourcecode.swift; path = OFPSchema.swift; sourceTree = "<group>"; };
		A237AF812B63490300646AAF /* ChartsView.swift */ = {isa = PBXFileReference; lastKnownFileType = sourcecode.swift; path = ChartsView.swift; sourceTree = "<group>"; };
		A23B5BB22BC3096800DA5A08 /* FaaAtisAPI.swift */ = {isa = PBXFileReference; lastKnownFileType = sourcecode.swift; path = FaaAtisAPI.swift; sourceTree = "<group>"; };
		A23B5BB42BC309BB00DA5A08 /* AtisAPISchema.swift */ = {isa = PBXFileReference; lastKnownFileType = sourcecode.swift; path = AtisAPISchema.swift; sourceTree = "<group>"; };
		A23B5BB82BCDDA0100DA5A08 /* PilotedgeAPI.swift */ = {isa = PBXFileReference; lastKnownFileType = sourcecode.swift; path = PilotedgeAPI.swift; sourceTree = "<group>"; };
		A24692F22B8E3A6B00A10A7F /* DrawingView.swift */ = {isa = PBXFileReference; lastKnownFileType = sourcecode.swift; path = DrawingView.swift; sourceTree = "<group>"; };
		A257E1B32B2A75C6003B1859 /* SQLiteManager.swift */ = {isa = PBXFileReference; lastKnownFileType = sourcecode.swift; path = SQLiteManager.swift; sourceTree = "<group>"; };
		A257E1B52B2AB514003B1859 /* DBTableStructs.swift */ = {isa = PBXFileReference; lastKnownFileType = sourcecode.swift; path = DBTableStructs.swift; sourceTree = "<group>"; };
		A25CC0602B97A25D00716E1A /* RouteManager.swift */ = {isa = PBXFileReference; lastKnownFileType = sourcecode.swift; path = RouteManager.swift; sourceTree = "<group>"; };
		A26E17AB2B9C11D9002B4090 /* AirportRunwayView.swift */ = {isa = PBXFileReference; lastKnownFileType = sourcecode.swift; path = AirportRunwayView.swift; sourceTree = "<group>"; };
		A26E17AE2B9EA39E002B4090 /* SigmetSchema.swift */ = {isa = PBXFileReference; lastKnownFileType = sourcecode.swift; path = SigmetSchema.swift; sourceTree = "<group>"; };
		A26E17B02B9EA3A5002B4090 /* SigmetAPI.swift */ = {isa = PBXFileReference; lastKnownFileType = sourcecode.swift; path = SigmetAPI.swift; sourceTree = "<group>"; };
		A26E17B62BA1F1B8002B4090 /* RangedSliderView.swift */ = {isa = PBXFileReference; lastKnownFileType = sourcecode.swift; path = RangedSliderView.swift; sourceTree = "<group>"; };
		A26F9BBB2B996E6E00687F77 /* SimbriefScreen.swift */ = {isa = PBXFileReference; lastKnownFileType = sourcecode.swift; path = SimbriefScreen.swift; sourceTree = "<group>"; };
		A2710D042BCEB1BB0034889B /* IvaoAPI.swift */ = {isa = PBXFileReference; lastKnownFileType = sourcecode.swift; path = IvaoAPI.swift; sourceTree = "<group>"; };
		A273A6012B261EE100D2979B /* Keys.xcconfig */ = {isa = PBXFileReference; lastKnownFileType = text.xcconfig; path = Keys.xcconfig; sourceTree = "<group>"; };
		A293CFFB2AF313E3004D2814 /* AirplaneAnnotation.swift */ = {isa = PBXFileReference; fileEncoding = 4; lastKnownFileType = sourcecode.swift; path = AirplaneAnnotation.swift; sourceTree = "<group>"; };
		A29479BC2BDC3A2A00B89CE9 /* Airports.json */ = {isa = PBXFileReference; fileEncoding = 4; lastKnownFileType = text.json; path = Airports.json; sourceTree = "<group>"; };
		A2A243672B00368B00245A0F /* SettingsView.swift */ = {isa = PBXFileReference; lastKnownFileType = sourcecode.swift; path = SettingsView.swift; sourceTree = "<group>"; };
		A2B98D6B2B9BB5A700A91977 /* Toast.swift */ = {isa = PBXFileReference; lastKnownFileType = sourcecode.swift; path = Toast.swift; sourceTree = "<group>"; };
		A2B98D6D2B9BBFF600A91977 /* ToastTestContentView.swift */ = {isa = PBXFileReference; lastKnownFileType = sourcecode.swift; path = ToastTestContentView.swift; sourceTree = "<group>"; };
		A2C6ED142B2E3DA400856381 /* OSMWeatherAPI.swift */ = {isa = PBXFileReference; lastKnownFileType = sourcecode.swift; path = OSMWeatherAPI.swift; sourceTree = "<group>"; };
		A2C6ED162B2E3DCE00856381 /* OSMWeatherSchema.swift */ = {isa = PBXFileReference; lastKnownFileType = sourcecode.swift; path = OSMWeatherSchema.swift; sourceTree = "<group>"; };
		A2C6ED192B3005A700856381 /* FetchAirportWx.swift */ = {isa = PBXFileReference; lastKnownFileType = sourcecode.swift; path = FetchAirportWx.swift; sourceTree = "<group>"; };
		A2C6ED1C2B3005C900856381 /* FetchAirportCharts.swift */ = {isa = PBXFileReference; lastKnownFileType = sourcecode.swift; path = FetchAirportCharts.swift; sourceTree = "<group>"; };
		A2C6ED1E2B30068300856381 /* AirportMetarAPISchema.swift */ = {isa = PBXFileReference; lastKnownFileType = sourcecode.swift; path = AirportMetarAPISchema.swift; sourceTree = "<group>"; };
		A2C6ED222B300A8B00856381 /* AirportChartAPISchema.swift */ = {isa = PBXFileReference; lastKnownFileType = sourcecode.swift; path = AirportChartAPISchema.swift; sourceTree = "<group>"; };
		A2C6ED272B3763D800856381 /* AirportAnnotationSidebarView.swift */ = {isa = PBXFileReference; lastKnownFileType = sourcecode.swift; path = AirportAnnotationSidebarView.swift; sourceTree = "<group>"; };
		A2D0AB422C5BF390001B5F79 /* navdata.db */ = {isa = PBXFileReference; lastKnownFileType = file; path = navdata.db; sourceTree = "<group>"; };
		A2D13D232BA6361200E5AFEE /* AirportSchema.swift */ = {isa = PBXFileReference; lastKnownFileType = sourcecode.swift; path = AirportSchema.swift; sourceTree = "<group>"; };
		A2D5FE1A2BA7C7950084AE7E /* WrappingHStack.swift */ = {isa = PBXFileReference; lastKnownFileType = sourcecode.swift; path = WrappingHStack.swift; sourceTree = "<group>"; };
		A2DE93D72B9237390065FEF6 /* ScratchPadATIS.swift */ = {isa = PBXFileReference; lastKnownFileType = sourcecode.swift; path = ScratchPadATIS.swift; sourceTree = "<group>"; };
		A2DE93D92B925E340065FEF6 /* ScratchPadCRAFT.swift */ = {isa = PBXFileReference; lastKnownFileType = sourcecode.swift; path = ScratchPadCRAFT.swift; sourceTree = "<group>"; };
		A2DE93DB2B9273430065FEF6 /* AirportIcon.swift */ = {isa = PBXFileReference; lastKnownFileType = sourcecode.swift; path = AirportIcon.swift; sourceTree = "<group>"; };
		A2EF3F952B6FE1C00096933A /* RainviewerAPI.swift */ = {isa = PBXFileReference; lastKnownFileType = sourcecode.swift; path = RainviewerAPI.swift; sourceTree = "<group>"; };
		A2EF3F972B6FE1CD0096933A /* RainviewerSchema.swift */ = {isa = PBXFileReference; lastKnownFileType = sourcecode.swift; path = RainviewerSchema.swift; sourceTree = "<group>"; };
/* End PBXFileReference section */

/* Begin PBXFrameworksBuildPhase section */
		3AE11B2227319450005974E5 /* Frameworks */ = {
			isa = PBXFrameworksBuildPhase;
			buildActionMask = 2147483647;
			files = (
				A2B1F17B2B26154000E39C09 /* SQLite in Frameworks */,
				A25CB2862B250298008E9FEF /* SQLite in Frameworks */,
				A206201C2B49B4F80034D902 /* MapboxMaps in Frameworks */,
				A25CB2802B2494E0008E9FEF /* SQLite in Frameworks */,
				A20620202B49B6100034D902 /* MapboxMaps in Frameworks */,
				A232CCBC2B250659005C3E2E /* MapboxMaps in Frameworks */,
				A20620242B49B6AB0034D902 /* MapboxMaps in Frameworks */,
				A206201E2B49B5E70034D902 /* Neumorphic in Frameworks */,
				A206201A2B49B4E90034D902 /* Neumorphic in Frameworks */,
				A2AAEBAF2B1CF82C00BEA78E /* Neumorphic in Frameworks */,
				A20620222B49B61D0034D902 /* SQLite in Frameworks */,
				A2B1F1792B26152700E39C09 /* MapboxMaps in Frameworks */,
			);
			runOnlyForDeploymentPostprocessing = 0;
		};
/* End PBXFrameworksBuildPhase section */

/* Begin PBXGroup section */
		3A0E84FB274044F4001BC905 /* AirportData */ = {
			isa = PBXGroup;
			children = (
				3AA03FC82853C4C80086DBDA /* AirportJSONModel.swift */,
			);
			path = AirportData;
			sourceTree = "<group>";
		};
		3A24A79027324142000D98E5 /* ScratchPad */ = {
			isa = PBXGroup;
			children = (
				3A24A79127324259000D98E5 /* ScratchPadView.swift */,
				A2DE93D72B9237390065FEF6 /* ScratchPadATIS.swift */,
				A2DE93D92B925E340065FEF6 /* ScratchPadCRAFT.swift */,
			);
			path = ScratchPad;
			sourceTree = "<group>";
		};
		3A27F356282F5D1800C4B82A /* Map */ = {
			isa = PBXGroup;
			children = (
				3A0E84FB274044F4001BC905 /* AirportData */,
				3AA03FC52852BAC60086DBDA /* View */,
				A2DE93DB2B9273430065FEF6 /* AirportIcon.swift */,
			);
			path = Map;
			sourceTree = "<group>";
		};
		3A69AF41279BB46D00E29135 /* AirportDetails */ = {
			isa = PBXGroup;
			children = (
				A20620252B49DC890034D902 /* AirportScreenViewModel.swift */,
				3A0111CC2737253C001CFDC5 /* AirportScreen.swift */,
				A21B02362B5034850041D60B /* PDFKitView.swift */,
				A26E17AB2B9C11D9002B4090 /* AirportRunwayView.swift */,
			);
			path = AirportDetails;
			sourceTree = "<group>";
		};
		3AA03FC52852BAC60086DBDA /* View */ = {
			isa = PBXGroup;
			children = (
				3AE11B2A27319450005974E5 /* MapScreen.swift */,
				A2C6ED272B3763D800856381 /* AirportAnnotationSidebarView.swift */,
				3A1BB450278A3FB9001AC228 /* AirportAnnotationCalloutView.swift */,
				A26E17B62BA1F1B8002B4090 /* RangedSliderView.swift */,
			);
			path = View;
			sourceTree = "<group>";
		};
		3AE11B1C27319450005974E5 = {
			isa = PBXGroup;
			children = (
				3AE11B2727319450005974E5 /* efbUI */,
				3AE11B2627319450005974E5 /* Products */,
			);
			sourceTree = "<group>";
		};
		3AE11B2627319450005974E5 /* Products */ = {
			isa = PBXGroup;
			children = (
				3AE11B2527319450005974E5 /* EFB.app */,
			);
			name = Products;
			sourceTree = "<group>";
		};
		3AE11B2727319450005974E5 /* efbUI */ = {
			isa = PBXGroup;
			children = (
				3AE11B2C27319452005974E5 /* Assets.xcassets */,
				3AC3392E273B6E7700ED025B /* Info.plist */,
				A273A6012B261EE100D2979B /* Keys.xcconfig */,
				3AE11B2827319450005974E5 /* efbUIApp.swift */,
				A26E17AD2B9EA30C002B4090 /* Sigmet */,
				A2EF3F942B6FE1B10096933A /* Radar */,
				A21B023A2B55D48D0041D60B /* SimBrief */,
				A2C6ED1B2B3005BB00856381 /* Charts */,
				A2C6ED132B2E3D9300856381 /* Weather */,
				A25CB27B2B249215008E9FEF /* Data */,
				A278ABE42BA64BEF00EC27FA /* Toast */,
				A2EC6FD92B49AFF300F31364 /* TopBar */,
				3A24A78C27321C15000D98E5 /* TabBar.swift */,
				A26F9BBB2B996E6E00687F77 /* SimbriefScreen.swift */,
				3AE11B5227319480005974E5 /* SimConnect.swift */,
				A237AF812B63490300646AAF /* ChartsView.swift */,
				3A69AF41279BB46D00E29135 /* AirportDetails */,
				3A27F356282F5D1800C4B82A /* Map */,
				3A24A79027324142000D98E5 /* ScratchPad */,
				A2EC6FDA2B49B00C00F31364 /* Settings */,
				A2D5FE192BA7C7730084AE7E /* Extra */,
				A22322D42B20B74E001274CA /* Extensions.swift */,
				3AE11B2E27319452005974E5 /* Preview Content */,
				A2EC6FD72B49AF9A00F31364 /* Deprecated */,
				A24692F22B8E3A6B00A10A7F /* DrawingView.swift */,
				A25CC0602B97A25D00716E1A /* RouteManager.swift */,
			);
			path = efbUI;
			sourceTree = "<group>";
		};
		3AE11B2E27319452005974E5 /* Preview Content */ = {
			isa = PBXGroup;
			children = (
				3AE11B2F27319452005974E5 /* Preview Assets.xcassets */,
			);
			path = "Preview Content";
			sourceTree = "<group>";
		};
		A21B023A2B55D48D0041D60B /* SimBrief */ = {
			isa = PBXGroup;
			children = (
				A21B023B2B55D4A00041D60B /* SimBriefAPI.swift */,
				A237AF7F2B5C7F3B00646AAF /* OFPSchema.swift */,
			);
			path = SimBrief;
			sourceTree = "<group>";
		};
		A23B5BB12BC3094E00DA5A08 /* ATIS */ = {
			isa = PBXGroup;
			children = (
				A23B5BB22BC3096800DA5A08 /* FaaAtisAPI.swift */,
				A23B5BB42BC309BB00DA5A08 /* AtisAPISchema.swift */,
			);
			path = ATIS;
			sourceTree = "<group>";
		};
		A23B5BB62BCDD96A00DA5A08 /* FAA */ = {
			isa = PBXGroup;
			children = (
				A23B5BB12BC3094E00DA5A08 /* ATIS */,
				A2C6ED182B30059600856381 /* METAR */,
			);
			path = FAA;
			sourceTree = "<group>";
		};
		A23B5BB72BCDD9E400DA5A08 /* Pilotedge */ = {
			isa = PBXGroup;
			children = (
				A23B5BB82BCDDA0100DA5A08 /* PilotedgeAPI.swift */,
			);
			path = Pilotedge;
			sourceTree = "<group>";
		};
		A25CB27B2B249215008E9FEF /* Data */ = {
			isa = PBXGroup;
			children = (
				A2D13D202BA6357100E5AFEE /* Airports */,
				A257E1B32B2A75C6003B1859 /* SQLiteManager.swift */,
				A2D0AB422C5BF390001B5F79 /* navdata.db */,
				A257E1B52B2AB514003B1859 /* DBTableStructs.swift */,
				A21B02382B55C8760041D60B /* SimBriefUserData.swift */,
			);
			path = Data;
			sourceTree = "<group>";
		};
		A26E17AD2B9EA30C002B4090 /* Sigmet */ = {
			isa = PBXGroup;
			children = (
				A26E17AE2B9EA39E002B4090 /* SigmetSchema.swift */,
				A26E17B02B9EA3A5002B4090 /* SigmetAPI.swift */,
			);
			path = Sigmet;
			sourceTree = "<group>";
		};
		A2710D002BCEB1830034889B /* IVAO */ = {
			isa = PBXGroup;
			children = (
				A2710D032BCEB1950034889B /* TAF */,
				A2710D022BCEB1900034889B /* METAR */,
				A2710D012BCEB18C0034889B /* ATIS */,
				A2710D042BCEB1BB0034889B /* IvaoAPI.swift */,
			);
			path = IVAO;
			sourceTree = "<group>";
		};
		A2710D012BCEB18C0034889B /* ATIS */ = {
			isa = PBXGroup;
			children = (
			);
			path = ATIS;
			sourceTree = "<group>";
		};
		A2710D022BCEB1900034889B /* METAR */ = {
			isa = PBXGroup;
			children = (
			);
			path = METAR;
			sourceTree = "<group>";
		};
		A2710D032BCEB1950034889B /* TAF */ = {
			isa = PBXGroup;
			children = (
			);
			path = TAF;
			sourceTree = "<group>";
		};
		A278ABE42BA64BEF00EC27FA /* Toast */ = {
			isa = PBXGroup;
			children = (
				A2B98D6B2B9BB5A700A91977 /* Toast.swift */,
				A2B98D6D2B9BBFF600A91977 /* ToastTestContentView.swift */,
			);
			path = Toast;
			sourceTree = "<group>";
		};
		A2C6ED132B2E3D9300856381 /* Weather */ = {
			isa = PBXGroup;
			children = (
				A2710D002BCEB1830034889B /* IVAO */,
				A23B5BB72BCDD9E400DA5A08 /* Pilotedge */,
				A23B5BB62BCDD96A00DA5A08 /* FAA */,
				A2C6ED142B2E3DA400856381 /* OSMWeatherAPI.swift */,
				A2C6ED162B2E3DCE00856381 /* OSMWeatherSchema.swift */,
			);
			path = Weather;
			sourceTree = "<group>";
		};
		A2C6ED182B30059600856381 /* METAR */ = {
			isa = PBXGroup;
			children = (
				A2C6ED192B3005A700856381 /* FetchAirportWx.swift */,
				A2C6ED1E2B30068300856381 /* AirportMetarAPISchema.swift */,
			);
			path = METAR;
			sourceTree = "<group>";
		};
		A2C6ED1B2B3005BB00856381 /* Charts */ = {
			isa = PBXGroup;
			children = (
				A2C6ED1C2B3005C900856381 /* FetchAirportCharts.swift */,
				A2C6ED222B300A8B00856381 /* AirportChartAPISchema.swift */,
			);
			path = Charts;
			sourceTree = "<group>";
		};
		A2D13D202BA6357100E5AFEE /* Airports */ = {
			isa = PBXGroup;
			children = (
				A29479BC2BDC3A2A00B89CE9 /* Airports.json */,
				A2D13D232BA6361200E5AFEE /* AirportSchema.swift */,
			);
			path = Airports;
			sourceTree = "<group>";
		};
		A2D5FE192BA7C7730084AE7E /* Extra */ = {
			isa = PBXGroup;
			children = (
				A2D5FE1A2BA7C7950084AE7E /* WrappingHStack.swift */,
			);
			path = Extra;
			sourceTree = "<group>";
		};
		A2EC6FD72B49AF9A00F31364 /* Deprecated */ = {
			isa = PBXGroup;
			children = (
				3A1BB44E278A1849001AC228 /* AirportAnnotation.swift */,
				A293CFFB2AF313E3004D2814 /* AirplaneAnnotation.swift */,
				3A1BB455278A5A0E001AC228 /* MapCalloutView.swift */,
				A2046B0A2B28E58300E04BEA /* MKViewRepresentable.swift */,
			);
			path = Deprecated;
			sourceTree = "<group>";
		};
		A2EC6FD92B49AFF300F31364 /* TopBar */ = {
			isa = PBXGroup;
			children = (
				3A81763E27339AA100445CDA /* TopBarView.swift */,
			);
			path = TopBar;
			sourceTree = "<group>";
		};
		A2EC6FDA2B49B00C00F31364 /* Settings */ = {
			isa = PBXGroup;
			children = (
				A2A243672B00368B00245A0F /* SettingsView.swift */,
			);
			path = Settings;
			sourceTree = "<group>";
		};
		A2EF3F942B6FE1B10096933A /* Radar */ = {
			isa = PBXGroup;
			children = (
				A2EF3F952B6FE1C00096933A /* RainviewerAPI.swift */,
				A2EF3F972B6FE1CD0096933A /* RainviewerSchema.swift */,
			);
			path = Radar;
			sourceTree = "<group>";
		};
/* End PBXGroup section */

/* Begin PBXNativeTarget section */
		3AE11B2427319450005974E5 /* efbUI */ = {
			isa = PBXNativeTarget;
			buildConfigurationList = 3AE11B4927319452005974E5 /* Build configuration list for PBXNativeTarget "efbUI" */;
			buildPhases = (
				3AE11B2127319450005974E5 /* Sources */,
				3AE11B2227319450005974E5 /* Frameworks */,
				3AE11B2327319450005974E5 /* Resources */,
			);
			buildRules = (
			);
			dependencies = (
			);
			name = efbUI;
			packageProductDependencies = (
				A2AAEBAE2B1CF82C00BEA78E /* Neumorphic */,
				A25CB27F2B2494E0008E9FEF /* SQLite */,
				A25CB2852B250298008E9FEF /* SQLite */,
				A232CCBB2B250659005C3E2E /* MapboxMaps */,
				A2B1F1782B26152700E39C09 /* MapboxMaps */,
				A2B1F17A2B26154000E39C09 /* SQLite */,
				A20620192B49B4E90034D902 /* Neumorphic */,
				A206201B2B49B4F80034D902 /* MapboxMaps */,
				A206201D2B49B5E70034D902 /* Neumorphic */,
				A206201F2B49B6100034D902 /* MapboxMaps */,
				A20620212B49B61D0034D902 /* SQLite */,
				A20620232B49B6AB0034D902 /* MapboxMaps */,
			);
			productName = efbUI;
			productReference = 3AE11B2527319450005974E5 /* EFB.app */;
			productType = "com.apple.product-type.application";
		};
/* End PBXNativeTarget section */

/* Begin PBXProject section */
		3AE11B1D27319450005974E5 /* Project object */ = {
			isa = PBXProject;
			attributes = {
				BuildIndependentTargetsInParallel = 1;
				LastSwiftUpdateCheck = 1310;
				LastUpgradeCheck = 1500;
				TargetAttributes = {
					3AE11B2427319450005974E5 = {
						CreatedOnToolsVersion = 13.1;
					};
				};
			};
			buildConfigurationList = 3AE11B2027319450005974E5 /* Build configuration list for PBXProject "efbUI" */;
			compatibilityVersion = "Xcode 15.0";
			developmentRegion = en;
			hasScannedForEncodings = 0;
			knownRegions = (
				en,
				Base,
			);
			mainGroup = 3AE11B1C27319450005974E5;
			packageReferences = (
				A2AAEBAD2B1CF82C00BEA78E /* XCRemoteSwiftPackageReference "neumorphic" */,
				A25CB27E2B2494E0008E9FEF /* XCRemoteSwiftPackageReference "SQLite.swift" */,
				A232CCBA2B250659005C3E2E /* XCRemoteSwiftPackageReference "mapbox-maps-ios" */,
			);
			productRefGroup = 3AE11B2627319450005974E5 /* Products */;
			projectDirPath = "";
			projectRoot = "";
			targets = (
				3AE11B2427319450005974E5 /* efbUI */,
			);
		};
/* End PBXProject section */

/* Begin PBXResourcesBuildPhase section */
		3AE11B2327319450005974E5 /* Resources */ = {
			isa = PBXResourcesBuildPhase;
			buildActionMask = 2147483647;
			files = (
				3AE11B3027319452005974E5 /* Preview Assets.xcassets in Resources */,
				A2D0AB432C5BF390001B5F79 /* navdata.db in Resources */,
				A29479BD2BDC3A2A00B89CE9 /* Airports.json in Resources */,
				3AE11B2D27319452005974E5 /* Assets.xcassets in Resources */,
			);
			runOnlyForDeploymentPostprocessing = 0;
		};
/* End PBXResourcesBuildPhase section */

/* Begin PBXSourcesBuildPhase section */
		3AE11B2127319450005974E5 /* Sources */ = {
			isa = PBXSourcesBuildPhase;
			buildActionMask = 2147483647;
			files = (
				3AA03FC92853C4C80086DBDA /* AirportJSONModel.swift in Sources */,
				A257E1B62B2AB514003B1859 /* DBTableStructs.swift in Sources */,
				A23B5BB92BCDDA0100DA5A08 /* PilotedgeAPI.swift in Sources */,
				A2EF3F962B6FE1C00096933A /* RainviewerAPI.swift in Sources */,
				A2C6ED152B2E3DA400856381 /* OSMWeatherAPI.swift in Sources */,
				A2710D052BCEB1BB0034889B /* IvaoAPI.swift in Sources */,
				A23B5BB52BC309BB00DA5A08 /* AtisAPISchema.swift in Sources */,
				A22322D52B20B74E001274CA /* Extensions.swift in Sources */,
				3AE11B5327319480005974E5 /* SimConnect.swift in Sources */,
				A2B98D6C2B9BB5A700A91977 /* Toast.swift in Sources */,
				3AE11B2B27319450005974E5 /* MapScreen.swift in Sources */,
				A21B02372B5034850041D60B /* PDFKitView.swift in Sources */,
				A25CC0612B97A25D00716E1A /* RouteManager.swift in Sources */,
				A20620262B49DC890034D902 /* AirportScreenViewModel.swift in Sources */,
				A2EF3F982B6FE1CD0096933A /* RainviewerSchema.swift in Sources */,
				A2C6ED282B3763D800856381 /* AirportAnnotationSidebarView.swift in Sources */,
				A2A243682B00368B00245A0F /* SettingsView.swift in Sources */,
				3A1BB456278A5A0E001AC228 /* MapCalloutView.swift in Sources */,
				3A24A78D27321C15000D98E5 /* TabBar.swift in Sources */,
				A2B98D6E2B9BBFF600A91977 /* ToastTestContentView.swift in Sources */,
				3A81763F27339AA100445CDA /* TopBarView.swift in Sources */,
				A293CFFC2AF313E3004D2814 /* AirplaneAnnotation.swift in Sources */,
				A24692F32B8E3A6B00A10A7F /* DrawingView.swift in Sources */,
				A2046B0B2B28E58300E04BEA /* MKViewRepresentable.swift in Sources */,
				A26E17AF2B9EA39E002B4090 /* SigmetSchema.swift in Sources */,
				3AE11B2927319450005974E5 /* efbUIApp.swift in Sources */,
				A2D5FE1B2BA7C7950084AE7E /* WrappingHStack.swift in Sources */,
				A26E17B72BA1F1B8002B4090 /* RangedSliderView.swift in Sources */,
				A237AF802B5C7F3B00646AAF /* OFPSchema.swift in Sources */,
				3A24A79227324259000D98E5 /* ScratchPadView.swift in Sources */,
				A237AF822B63490300646AAF /* ChartsView.swift in Sources */,
				A2D13D242BA6361200E5AFEE /* AirportSchema.swift in Sources */,
				A26E17AC2B9C11D9002B4090 /* AirportRunwayView.swift in Sources */,
				3A1BB451278A3FB9001AC228 /* AirportAnnotationCalloutView.swift in Sources */,
				A2C6ED1A2B3005A700856381 /* FetchAirportWx.swift in Sources */,
				A2C6ED232B300A8B00856381 /* AirportChartAPISchema.swift in Sources */,
				A257E1B42B2A75C6003B1859 /* SQLiteManager.swift in Sources */,
				A21B023C2B55D4A00041D60B /* SimBriefAPI.swift in Sources */,
				A23B5BB32BC3096800DA5A08 /* FaaAtisAPI.swift in Sources */,
				A2DE93DC2B9273430065FEF6 /* AirportIcon.swift in Sources */,
				A26F9BBC2B996E6E00687F77 /* SimbriefScreen.swift in Sources */,
				A2C6ED1D2B3005C900856381 /* FetchAirportCharts.swift in Sources */,
				3A1BB44F278A1849001AC228 /* AirportAnnotation.swift in Sources */,
				A21B02392B55C8760041D60B /* SimBriefUserData.swift in Sources */,
				3A0111CD2737253C001CFDC5 /* AirportScreen.swift in Sources */,
				A2DE93D82B9237390065FEF6 /* ScratchPadATIS.swift in Sources */,
				A26E17B12B9EA3A5002B4090 /* SigmetAPI.swift in Sources */,
				A2C6ED172B2E3DCE00856381 /* OSMWeatherSchema.swift in Sources */,
				A2DE93DA2B925E340065FEF6 /* ScratchPadCRAFT.swift in Sources */,
				A2C6ED1F2B30068300856381 /* AirportMetarAPISchema.swift in Sources */,
			);
			runOnlyForDeploymentPostprocessing = 0;
		};
/* End PBXSourcesBuildPhase section */

/* Begin XCBuildConfiguration section */
		3AE11B4727319452005974E5 /* Debug */ = {
			isa = XCBuildConfiguration;
			baseConfigurationReference = A273A6012B261EE100D2979B /* Keys.xcconfig */;
			buildSettings = {
				ALWAYS_SEARCH_USER_PATHS = NO;
				ASSETCATALOG_COMPILER_GENERATE_SWIFT_ASSET_SYMBOL_EXTENSIONS = YES;
				CLANG_ANALYZER_NONNULL = YES;
				CLANG_ANALYZER_NUMBER_OBJECT_CONVERSION = YES_AGGRESSIVE;
				CLANG_CXX_LANGUAGE_STANDARD = "gnu++17";
				CLANG_CXX_LIBRARY = "libc++";
				CLANG_ENABLE_MODULES = YES;
				CLANG_ENABLE_OBJC_ARC = YES;
				CLANG_ENABLE_OBJC_WEAK = YES;
				CLANG_WARN_BLOCK_CAPTURE_AUTORELEASING = YES;
				CLANG_WARN_BOOL_CONVERSION = YES;
				CLANG_WARN_COMMA = YES;
				CLANG_WARN_CONSTANT_CONVERSION = YES;
				CLANG_WARN_DEPRECATED_OBJC_IMPLEMENTATIONS = YES;
				CLANG_WARN_DIRECT_OBJC_ISA_USAGE = YES_ERROR;
				CLANG_WARN_DOCUMENTATION_COMMENTS = YES;
				CLANG_WARN_EMPTY_BODY = YES;
				CLANG_WARN_ENUM_CONVERSION = YES;
				CLANG_WARN_INFINITE_RECURSION = YES;
				CLANG_WARN_INT_CONVERSION = YES;
				CLANG_WARN_NON_LITERAL_NULL_CONVERSION = YES;
				CLANG_WARN_OBJC_IMPLICIT_RETAIN_SELF = YES;
				CLANG_WARN_OBJC_LITERAL_CONVERSION = YES;
				CLANG_WARN_OBJC_ROOT_CLASS = YES_ERROR;
				CLANG_WARN_QUOTED_INCLUDE_IN_FRAMEWORK_HEADER = YES;
				CLANG_WARN_RANGE_LOOP_ANALYSIS = YES;
				CLANG_WARN_STRICT_PROTOTYPES = YES;
				CLANG_WARN_SUSPICIOUS_MOVE = YES;
				CLANG_WARN_UNGUARDED_AVAILABILITY = YES_AGGRESSIVE;
				CLANG_WARN_UNREACHABLE_CODE = YES;
				CLANG_WARN__DUPLICATE_METHOD_MATCH = YES;
				COPY_PHASE_STRIP = NO;
				DEBUG_INFORMATION_FORMAT = dwarf;
				ENABLE_STRICT_OBJC_MSGSEND = YES;
				ENABLE_TESTABILITY = YES;
				ENABLE_USER_SCRIPT_SANDBOXING = NO;
				GCC_C_LANGUAGE_STANDARD = gnu11;
				GCC_DYNAMIC_NO_PIC = NO;
				GCC_NO_COMMON_BLOCKS = YES;
				GCC_OPTIMIZATION_LEVEL = 0;
				GCC_PREPROCESSOR_DEFINITIONS = (
					"DEBUG=1",
					"$(inherited)",
				);
				GCC_WARN_64_TO_32_BIT_CONVERSION = YES;
				GCC_WARN_ABOUT_RETURN_TYPE = YES_ERROR;
				GCC_WARN_UNDECLARED_SELECTOR = YES;
				GCC_WARN_UNINITIALIZED_AUTOS = YES_AGGRESSIVE;
				GCC_WARN_UNUSED_FUNCTION = YES;
				GCC_WARN_UNUSED_VARIABLE = YES;
				IPHONEOS_DEPLOYMENT_TARGET = 17.4;
				MTL_ENABLE_DEBUG_INFO = INCLUDE_SOURCE;
				MTL_FAST_MATH = YES;
				ONLY_ACTIVE_ARCH = YES;
				SDKROOT = iphoneos;
				SWIFT_ACTIVE_COMPILATION_CONDITIONS = DEBUG;
				SWIFT_OPTIMIZATION_LEVEL = "-Onone";
				SWIFT_STRICT_CONCURRENCY = complete;
			};
			name = Debug;
		};
		3AE11B4827319452005974E5 /* Release */ = {
			isa = XCBuildConfiguration;
			baseConfigurationReference = A273A6012B261EE100D2979B /* Keys.xcconfig */;
			buildSettings = {
				ALWAYS_SEARCH_USER_PATHS = NO;
				ASSETCATALOG_COMPILER_GENERATE_SWIFT_ASSET_SYMBOL_EXTENSIONS = YES;
				CLANG_ANALYZER_NONNULL = YES;
				CLANG_ANALYZER_NUMBER_OBJECT_CONVERSION = YES_AGGRESSIVE;
				CLANG_CXX_LANGUAGE_STANDARD = "gnu++17";
				CLANG_CXX_LIBRARY = "libc++";
				CLANG_ENABLE_MODULES = YES;
				CLANG_ENABLE_OBJC_ARC = YES;
				CLANG_ENABLE_OBJC_WEAK = YES;
				CLANG_WARN_BLOCK_CAPTURE_AUTORELEASING = YES;
				CLANG_WARN_BOOL_CONVERSION = YES;
				CLANG_WARN_COMMA = YES;
				CLANG_WARN_CONSTANT_CONVERSION = YES;
				CLANG_WARN_DEPRECATED_OBJC_IMPLEMENTATIONS = YES;
				CLANG_WARN_DIRECT_OBJC_ISA_USAGE = YES_ERROR;
				CLANG_WARN_DOCUMENTATION_COMMENTS = YES;
				CLANG_WARN_EMPTY_BODY = YES;
				CLANG_WARN_ENUM_CONVERSION = YES;
				CLANG_WARN_INFINITE_RECURSION = YES;
				CLANG_WARN_INT_CONVERSION = YES;
				CLANG_WARN_NON_LITERAL_NULL_CONVERSION = YES;
				CLANG_WARN_OBJC_IMPLICIT_RETAIN_SELF = YES;
				CLANG_WARN_OBJC_LITERAL_CONVERSION = YES;
				CLANG_WARN_OBJC_ROOT_CLASS = YES_ERROR;
				CLANG_WARN_QUOTED_INCLUDE_IN_FRAMEWORK_HEADER = YES;
				CLANG_WARN_RANGE_LOOP_ANALYSIS = YES;
				CLANG_WARN_STRICT_PROTOTYPES = YES;
				CLANG_WARN_SUSPICIOUS_MOVE = YES;
				CLANG_WARN_UNGUARDED_AVAILABILITY = YES_AGGRESSIVE;
				CLANG_WARN_UNREACHABLE_CODE = YES;
				CLANG_WARN__DUPLICATE_METHOD_MATCH = YES;
				COPY_PHASE_STRIP = NO;
				DEBUG_INFORMATION_FORMAT = "dwarf-with-dsym";
				ENABLE_NS_ASSERTIONS = NO;
				ENABLE_STRICT_OBJC_MSGSEND = YES;
				ENABLE_USER_SCRIPT_SANDBOXING = NO;
				GCC_C_LANGUAGE_STANDARD = gnu11;
				GCC_NO_COMMON_BLOCKS = YES;
				GCC_WARN_64_TO_32_BIT_CONVERSION = YES;
				GCC_WARN_ABOUT_RETURN_TYPE = YES_ERROR;
				GCC_WARN_UNDECLARED_SELECTOR = YES;
				GCC_WARN_UNINITIALIZED_AUTOS = YES_AGGRESSIVE;
				GCC_WARN_UNUSED_FUNCTION = YES;
				GCC_WARN_UNUSED_VARIABLE = YES;
				IPHONEOS_DEPLOYMENT_TARGET = 17.4;
				MTL_ENABLE_DEBUG_INFO = NO;
				MTL_FAST_MATH = YES;
				SDKROOT = iphoneos;
				SWIFT_COMPILATION_MODE = wholemodule;
				SWIFT_OPTIMIZATION_LEVEL = "-O";
				SWIFT_STRICT_CONCURRENCY = complete;
				VALIDATE_PRODUCT = YES;
			};
			name = Release;
		};
		3AE11B4A27319452005974E5 /* Debug */ = {
			isa = XCBuildConfiguration;
			buildSettings = {
				ASSETCATALOG_COMPILER_APPICON_NAME = AppIcon;
				ASSETCATALOG_COMPILER_GLOBAL_ACCENT_COLOR_NAME = AccentColor;
				CODE_SIGN_STYLE = Automatic;
				CURRENT_PROJECT_VERSION = 1;
				DEVELOPMENT_ASSET_PATHS = "\"efbUI/Preview Content\"";
				DEVELOPMENT_TEAM = 7M3KWP53AL;
				ENABLE_PREVIEWS = YES;
				ENABLE_USER_SCRIPT_SANDBOXING = NO;
				GENERATE_INFOPLIST_FILE = YES;
				INFOPLIST_FILE = efbUI/Info.plist;
				INFOPLIST_KEY_CFBundleDisplayName = efbUI;
				INFOPLIST_KEY_LSApplicationCategoryType = "public.app-category.entertainment";
				INFOPLIST_KEY_UIApplicationSceneManifest_Generation = YES;
				INFOPLIST_KEY_UIApplicationSupportsIndirectInputEvents = YES;
				INFOPLIST_KEY_UILaunchScreen_Generation = YES;
				INFOPLIST_KEY_UISupportedInterfaceOrientations_iPad = "UIInterfaceOrientationPortrait UIInterfaceOrientationLandscapeLeft UIInterfaceOrientationLandscapeRight UIInterfaceOrientationPortraitUpsideDown";
				INFOPLIST_KEY_UISupportedInterfaceOrientations_iPhone = "UIInterfaceOrientationPortrait UIInterfaceOrientationLandscapeLeft UIInterfaceOrientationLandscapeRight";
				IPHONEOS_DEPLOYMENT_TARGET = 17.4;
				LD_RUNPATH_SEARCH_PATHS = (
					"$(inherited)",
					"@executable_path/Frameworks",
				);
				MARKETING_VERSION = 1.0;
				PRODUCT_BUNDLE_IDENTIFIER = bradleypregon.efbUI;
				PRODUCT_NAME = EFB;
				SUPPORTED_PLATFORMS = "iphoneos iphonesimulator";
				SUPPORTS_MACCATALYST = NO;
				SUPPORTS_XR_DESIGNED_FOR_IPHONE_IPAD = NO;
				SWIFT_EMIT_LOC_STRINGS = YES;
				SWIFT_VERSION = 5.0;
				TARGETED_DEVICE_FAMILY = 2;
			};
			name = Debug;
		};
		3AE11B4B27319452005974E5 /* Release */ = {
			isa = XCBuildConfiguration;
			buildSettings = {
				ASSETCATALOG_COMPILER_APPICON_NAME = AppIcon;
				ASSETCATALOG_COMPILER_GLOBAL_ACCENT_COLOR_NAME = AccentColor;
				CODE_SIGN_STYLE = Automatic;
				CURRENT_PROJECT_VERSION = 1;
				DEVELOPMENT_ASSET_PATHS = "\"efbUI/Preview Content\"";
				DEVELOPMENT_TEAM = 7M3KWP53AL;
				ENABLE_PREVIEWS = YES;
				ENABLE_USER_SCRIPT_SANDBOXING = NO;
				GENERATE_INFOPLIST_FILE = YES;
				INFOPLIST_FILE = efbUI/Info.plist;
				INFOPLIST_KEY_CFBundleDisplayName = efbUI;
				INFOPLIST_KEY_LSApplicationCategoryType = "public.app-category.entertainment";
				INFOPLIST_KEY_UIApplicationSceneManifest_Generation = YES;
				INFOPLIST_KEY_UIApplicationSupportsIndirectInputEvents = YES;
				INFOPLIST_KEY_UILaunchScreen_Generation = YES;
				INFOPLIST_KEY_UISupportedInterfaceOrientations_iPad = "UIInterfaceOrientationPortrait UIInterfaceOrientationLandscapeLeft UIInterfaceOrientationLandscapeRight UIInterfaceOrientationPortraitUpsideDown";
				INFOPLIST_KEY_UISupportedInterfaceOrientations_iPhone = "UIInterfaceOrientationPortrait UIInterfaceOrientationLandscapeLeft UIInterfaceOrientationLandscapeRight";
				IPHONEOS_DEPLOYMENT_TARGET = 17.4;
				LD_RUNPATH_SEARCH_PATHS = (
					"$(inherited)",
					"@executable_path/Frameworks",
				);
				MARKETING_VERSION = 1.0;
				PRODUCT_BUNDLE_IDENTIFIER = bradleypregon.efbUI;
				PRODUCT_NAME = EFB;
				SUPPORTED_PLATFORMS = "iphoneos iphonesimulator";
				SUPPORTS_MACCATALYST = NO;
				SUPPORTS_XR_DESIGNED_FOR_IPHONE_IPAD = NO;
				SWIFT_EMIT_LOC_STRINGS = YES;
				SWIFT_VERSION = 5.0;
				TARGETED_DEVICE_FAMILY = 2;
			};
			name = Release;
		};
/* End XCBuildConfiguration section */

/* Begin XCConfigurationList section */
		3AE11B2027319450005974E5 /* Build configuration list for PBXProject "efbUI" */ = {
			isa = XCConfigurationList;
			buildConfigurations = (
				3AE11B4727319452005974E5 /* Debug */,
				3AE11B4827319452005974E5 /* Release */,
			);
			defaultConfigurationIsVisible = 0;
			defaultConfigurationName = Release;
		};
		3AE11B4927319452005974E5 /* Build configuration list for PBXNativeTarget "efbUI" */ = {
			isa = XCConfigurationList;
			buildConfigurations = (
				3AE11B4A27319452005974E5 /* Debug */,
				3AE11B4B27319452005974E5 /* Release */,
			);
			defaultConfigurationIsVisible = 0;
			defaultConfigurationName = Release;
		};
/* End XCConfigurationList section */

/* Begin XCRemoteSwiftPackageReference section */
		A232CCBA2B250659005C3E2E /* XCRemoteSwiftPackageReference "mapbox-maps-ios" */ = {
			isa = XCRemoteSwiftPackageReference;
			repositoryURL = "https://github.com/mapbox/mapbox-maps-ios.git";
			requirement = {
				kind = upToNextMajorVersion;
				minimumVersion = 11.0.0;
			};
		};
		A25CB27E2B2494E0008E9FEF /* XCRemoteSwiftPackageReference "SQLite.swift" */ = {
			isa = XCRemoteSwiftPackageReference;
			repositoryURL = "https://github.com/stephencelis/SQLite.swift.git";
			requirement = {
				kind = upToNextMajorVersion;
				minimumVersion = 0.14.1;
			};
		};
		A2AAEBAD2B1CF82C00BEA78E /* XCRemoteSwiftPackageReference "neumorphic" */ = {
			isa = XCRemoteSwiftPackageReference;
			repositoryURL = "https://github.com/costachung/neumorphic.git";
			requirement = {
				branch = master;
				kind = branch;
			};
		};
/* End XCRemoteSwiftPackageReference section */

/* Begin XCSwiftPackageProductDependency section */
		A20620192B49B4E90034D902 /* Neumorphic */ = {
			isa = XCSwiftPackageProductDependency;
			package = A2AAEBAD2B1CF82C00BEA78E /* XCRemoteSwiftPackageReference "neumorphic" */;
			productName = Neumorphic;
		};
		A206201B2B49B4F80034D902 /* MapboxMaps */ = {
			isa = XCSwiftPackageProductDependency;
			package = A232CCBA2B250659005C3E2E /* XCRemoteSwiftPackageReference "mapbox-maps-ios" */;
			productName = MapboxMaps;
		};
		A206201D2B49B5E70034D902 /* Neumorphic */ = {
			isa = XCSwiftPackageProductDependency;
			package = A2AAEBAD2B1CF82C00BEA78E /* XCRemoteSwiftPackageReference "neumorphic" */;
			productName = Neumorphic;
		};
		A206201F2B49B6100034D902 /* MapboxMaps */ = {
			isa = XCSwiftPackageProductDependency;
			package = A232CCBA2B250659005C3E2E /* XCRemoteSwiftPackageReference "mapbox-maps-ios" */;
			productName = MapboxMaps;
		};
		A20620212B49B61D0034D902 /* SQLite */ = {
			isa = XCSwiftPackageProductDependency;
			package = A25CB27E2B2494E0008E9FEF /* XCRemoteSwiftPackageReference "SQLite.swift" */;
			productName = SQLite;
		};
		A20620232B49B6AB0034D902 /* MapboxMaps */ = {
			isa = XCSwiftPackageProductDependency;
			package = A232CCBA2B250659005C3E2E /* XCRemoteSwiftPackageReference "mapbox-maps-ios" */;
			productName = MapboxMaps;
		};
		A232CCBB2B250659005C3E2E /* MapboxMaps */ = {
			isa = XCSwiftPackageProductDependency;
			package = A232CCBA2B250659005C3E2E /* XCRemoteSwiftPackageReference "mapbox-maps-ios" */;
			productName = MapboxMaps;
		};
		A25CB27F2B2494E0008E9FEF /* SQLite */ = {
			isa = XCSwiftPackageProductDependency;
			package = A25CB27E2B2494E0008E9FEF /* XCRemoteSwiftPackageReference "SQLite.swift" */;
			productName = SQLite;
		};
		A25CB2852B250298008E9FEF /* SQLite */ = {
			isa = XCSwiftPackageProductDependency;
			package = A25CB27E2B2494E0008E9FEF /* XCRemoteSwiftPackageReference "SQLite.swift" */;
			productName = SQLite;
		};
		A2AAEBAE2B1CF82C00BEA78E /* Neumorphic */ = {
			isa = XCSwiftPackageProductDependency;
			package = A2AAEBAD2B1CF82C00BEA78E /* XCRemoteSwiftPackageReference "neumorphic" */;
			productName = Neumorphic;
		};
		A2B1F1782B26152700E39C09 /* MapboxMaps */ = {
			isa = XCSwiftPackageProductDependency;
			package = A232CCBA2B250659005C3E2E /* XCRemoteSwiftPackageReference "mapbox-maps-ios" */;
			productName = MapboxMaps;
		};
		A2B1F17A2B26154000E39C09 /* SQLite */ = {
			isa = XCSwiftPackageProductDependency;
			package = A25CB27E2B2494E0008E9FEF /* XCRemoteSwiftPackageReference "SQLite.swift" */;
			productName = SQLite;
		};
/* End XCSwiftPackageProductDependency section */
	};
	rootObject = 3AE11B1D27319450005974E5 /* Project object */;
}
